// !$*UTF8*$!
{
	archiveVersion = 1;
	classes = {
	};
	objectVersion = 56;
	objects = {

/* Begin PBXBuildFile section */
		06ABEC802C1C2B9800EE5BB8 /* MyFirstiOSAppApp.swift in Sources */ = {isa = PBXBuildFile; fileRef = 06ABEC7F2C1C2B9800EE5BB8 /* MyFirstiOSAppApp.swift */; };
		06ABEC822C1C2B9800EE5BB8 /* ContentView.swift in Sources */ = {isa = PBXBuildFile; fileRef = 06ABEC812C1C2B9800EE5BB8 /* ContentView.swift */; };
		06ABEC842C1C2B9A00EE5BB8 /* Assets.xcassets in Resources */ = {isa = PBXBuildFile; fileRef = 06ABEC832C1C2B9A00EE5BB8 /* Assets.xcassets */; };
		06ABEC872C1C2B9A00EE5BB8 /* Preview Assets.xcassets in Resources */ = {isa = PBXBuildFile; fileRef = 06ABEC862C1C2B9A00EE5BB8 /* Preview Assets.xcassets */; };
		06D175A82C286C3B00B77C8D /* DetailView.swift in Sources */ = {isa = PBXBuildFile; fileRef = 06D175A72C286C3A00B77C8D /* DetailView.swift */; };
		06D175AA2C28729D00B77C8D /* CardView.swift in Sources */ = {isa = PBXBuildFile; fileRef = 06D175A92C28729D00B77C8D /* CardView.swift */; };
		06D175AC2C2872F500B77C8D /* HomeView.swift in Sources */ = {isa = PBXBuildFile; fileRef = 06D175AB2C2872F500B77C8D /* HomeView.swift */; };
		06D175AE2C287A3C00B77C8D /* ListView.swift in Sources */ = {isa = PBXBuildFile; fileRef = 06D175AD2C287A3C00B77C8D /* ListView.swift */; };
		06D175B02C287C7A00B77C8D /* ListItem.swift in Sources */ = {isa = PBXBuildFile; fileRef = 06D175AF2C287C7A00B77C8D /* ListItem.swift */; };
		06D175B52C2887BF00B77C8D /* Data.swift in Sources */ = {isa = PBXBuildFile; fileRef = 06D175B42C2887BF00B77C8D /* Data.swift */; };
		06D175B72C29154F00B77C8D /* SmallCardView.swift in Sources */ = {isa = PBXBuildFile; fileRef = 06D175B62C29154F00B77C8D /* SmallCardView.swift */; };
/* End PBXBuildFile section */

/* Begin PBXFileReference section */
		06ABEC7C2C1C2B9800EE5BB8 /* MyFirstiOSApp.app */ = {isa = PBXFileReference; explicitFileType = wrapper.application; includeInIndex = 0; path = MyFirstiOSApp.app; sourceTree = BUILT_PRODUCTS_DIR; };
		06ABEC7F2C1C2B9800EE5BB8 /* MyFirstiOSAppApp.swift */ = {isa = PBXFileReference; lastKnownFileType = sourcecode.swift; path = MyFirstiOSAppApp.swift; sourceTree = "<group>"; };
		06ABEC812C1C2B9800EE5BB8 /* ContentView.swift */ = {isa = PBXFileReference; lastKnownFileType = sourcecode.swift; path = ContentView.swift; sourceTree = "<group>"; };
		06ABEC832C1C2B9A00EE5BB8 /* Assets.xcassets */ = {isa = PBXFileReference; lastKnownFileType = folder.assetcatalog; path = Assets.xcassets; sourceTree = "<group>"; };
		06ABEC862C1C2B9A00EE5BB8 /* Preview Assets.xcassets */ = {isa = PBXFileReference; lastKnownFileType = folder.assetcatalog; path = "Preview Assets.xcassets"; sourceTree = "<group>"; };
		06D175A72C286C3A00B77C8D /* DetailView.swift */ = {isa = PBXFileReference; lastKnownFileType = sourcecode.swift; path = DetailView.swift; sourceTree = "<group>"; };
		06D175A92C28729D00B77C8D /* CardView.swift */ = {isa = PBXFileReference; lastKnownFileType = sourcecode.swift; path = CardView.swift; sourceTree = "<group>"; };
		06D175AB2C2872F500B77C8D /* HomeView.swift */ = {isa = PBXFileReference; lastKnownFileType = sourcecode.swift; path = HomeView.swift; sourceTree = "<group>"; };
		06D175AD2C287A3C00B77C8D /* ListView.swift */ = {isa = PBXFileReference; lastKnownFileType = sourcecode.swift; path = ListView.swift; sourceTree = "<group>"; };
		06D175AF2C287C7A00B77C8D /* ListItem.swift */ = {isa = PBXFileReference; lastKnownFileType = sourcecode.swift; path = ListItem.swift; sourceTree = "<group>"; };
		06D175B42C2887BF00B77C8D /* Data.swift */ = {isa = PBXFileReference; lastKnownFileType = sourcecode.swift; path = Data.swift; sourceTree = "<group>"; };
		06D175B62C29154F00B77C8D /* SmallCardView.swift */ = {isa = PBXFileReference; lastKnownFileType = sourcecode.swift; path = SmallCardView.swift; sourceTree = "<group>"; };
/* End PBXFileReference section */

/* Begin PBXFrameworksBuildPhase section */
		06ABEC792C1C2B9800EE5BB8 /* Frameworks */ = {
			isa = PBXFrameworksBuildPhase;
			buildActionMask = 2147483647;
			files = (
			);
			runOnlyForDeploymentPostprocessing = 0;
		};
/* End PBXFrameworksBuildPhase section */

/* Begin PBXGroup section */
		06ABEC732C1C2B9800EE5BB8 = {
			isa = PBXGroup;
			children = (
				06ABEC7E2C1C2B9800EE5BB8 /* MyFirstiOSApp */,
				06ABEC7D2C1C2B9800EE5BB8 /* Products */,
			);
			sourceTree = "<group>";
		};
		06ABEC7D2C1C2B9800EE5BB8 /* Products */ = {
			isa = PBXGroup;
			children = (
				06ABEC7C2C1C2B9800EE5BB8 /* MyFirstiOSApp.app */,
			);
			name = Products;
			sourceTree = "<group>";
		};
		06ABEC7E2C1C2B9800EE5BB8 /* MyFirstiOSApp */ = {
			isa = PBXGroup;
			children = (
				06ABEC7F2C1C2B9800EE5BB8 /* MyFirstiOSAppApp.swift */,
				06D175B42C2887BF00B77C8D /* Data.swift */,
				06D175B12C28866E00B77C8D /* Navigation */,
				06D175B22C28869400B77C8D /* Views */,
				06D175B32C2886C600B77C8D /* Components */,
				06ABEC832C1C2B9A00EE5BB8 /* Assets.xcassets */,
				06ABEC852C1C2B9A00EE5BB8 /* Preview Content */,
			);
			path = MyFirstiOSApp;
			sourceTree = "<group>";
		};
		06ABEC852C1C2B9A00EE5BB8 /* Preview Content */ = {
			isa = PBXGroup;
			children = (
				06ABEC862C1C2B9A00EE5BB8 /* Preview Assets.xcassets */,
			);
			path = "Preview Content";
			sourceTree = "<group>";
		};
		06D175B12C28866E00B77C8D /* Navigation */ = {
			isa = PBXGroup;
			children = (
				06ABEC812C1C2B9800EE5BB8 /* ContentView.swift */,
			);
			path = Navigation;
			sourceTree = "<group>";
		};
		06D175B22C28869400B77C8D /* Views */ = {
			isa = PBXGroup;
			children = (
				06D175AD2C287A3C00B77C8D /* ListView.swift */,
				06D175AB2C2872F500B77C8D /* HomeView.swift */,
				06D175A72C286C3A00B77C8D /* DetailView.swift */,
			);
			path = Views;
			sourceTree = "<group>";
		};
		06D175B32C2886C600B77C8D /* Components */ = {
			isa = PBXGroup;
			children = (
				06D175AF2C287C7A00B77C8D /* ListItem.swift */,
				06D175A92C28729D00B77C8D /* CardView.swift */,
				06D175B62C29154F00B77C8D /* SmallCardView.swift */,
			);
			path = Components;
			sourceTree = "<group>";
		};
/* End PBXGroup section */

/* Begin PBXNativeTarget section */
		06ABEC7B2C1C2B9800EE5BB8 /* MyFirstiOSApp */ = {
			isa = PBXNativeTarget;
			buildConfigurationList = 06ABEC8A2C1C2B9A00EE5BB8 /* Build configuration list for PBXNativeTarget "MyFirstiOSApp" */;
			buildPhases = (
				06ABEC782C1C2B9800EE5BB8 /* Sources */,
				06ABEC792C1C2B9800EE5BB8 /* Frameworks */,
				06ABEC7A2C1C2B9800EE5BB8 /* Resources */,
			);
			buildRules = (
			);
			dependencies = (
			);
			name = MyFirstiOSApp;
			productName = MyFirstiOSApp;
			productReference = 06ABEC7C2C1C2B9800EE5BB8 /* MyFirstiOSApp.app */;
			productType = "com.apple.product-type.application";
		};
/* End PBXNativeTarget section */

/* Begin PBXProject section */
		06ABEC742C1C2B9800EE5BB8 /* Project object */ = {
			isa = PBXProject;
			attributes = {
				BuildIndependentTargetsInParallel = 1;
				LastSwiftUpdateCheck = 1540;
				LastUpgradeCheck = 1540;
				TargetAttributes = {
					06ABEC7B2C1C2B9800EE5BB8 = {
						CreatedOnToolsVersion = 15.4;
					};
				};
			};
			buildConfigurationList = 06ABEC772C1C2B9800EE5BB8 /* Build configuration list for PBXProject "MyFirstiOSApp" */;
			compatibilityVersion = "Xcode 14.0";
			developmentRegion = en;
			hasScannedForEncodings = 0;
			knownRegions = (
				en,
				Base,
			);
			mainGroup = 06ABEC732C1C2B9800EE5BB8;
			productRefGroup = 06ABEC7D2C1C2B9800EE5BB8 /* Products */;
			projectDirPath = "";
			projectRoot = "";
			targets = (
				06ABEC7B2C1C2B9800EE5BB8 /* MyFirstiOSApp */,
			);
		};
/* End PBXProject section */

/* Begin PBXResourcesBuildPhase section */
		06ABEC7A2C1C2B9800EE5BB8 /* Resources */ = {
			isa = PBXResourcesBuildPhase;
			buildActionMask = 2147483647;
			files = (
				06ABEC872C1C2B9A00EE5BB8 /* Preview Assets.xcassets in Resources */,
				06ABEC842C1C2B9A00EE5BB8 /* Assets.xcassets in Resources */,
			);
			runOnlyForDeploymentPostprocessing = 0;
		};
/* End PBXResourcesBuildPhase section */

/* Begin PBXSourcesBuildPhase section */
		06ABEC782C1C2B9800EE5BB8 /* Sources */ = {
			isa = PBXSourcesBuildPhase;
			buildActionMask = 2147483647;
			files = (
				06ABEC822C1C2B9800EE5BB8 /* ContentView.swift in Sources */,
				06D175B72C29154F00B77C8D /* SmallCardView.swift in Sources */,
				06D175B02C287C7A00B77C8D /* ListItem.swift in Sources */,
				06D175A82C286C3B00B77C8D /* DetailView.swift in Sources */,
				06D175AE2C287A3C00B77C8D /* ListView.swift in Sources */,
				06D175AA2C28729D00B77C8D /* CardView.swift in Sources */,
				06D175AC2C2872F500B77C8D /* HomeView.swift in Sources */,
				06ABEC802C1C2B9800EE5BB8 /* MyFirstiOSAppApp.swift in Sources */,
				06D175B52C2887BF00B77C8D /* Data.swift in Sources */,
			);
			runOnlyForDeploymentPostprocessing = 0;
		};
/* End PBXSourcesBuildPhase section */

/* Begin XCBuildConfiguration section */
		06ABEC882C1C2B9A00EE5BB8 /* Debug */ = {
			isa = XCBuildConfiguration;
			buildSettings = {
				ALWAYS_SEARCH_USER_PATHS = NO;
				ASSETCATALOG_COMPILER_GENERATE_SWIFT_ASSET_SYMBOL_EXTENSIONS = YES;
				CLANG_ANALYZER_NONNULL = YES;
				CLANG_ANALYZER_NUMBER_OBJECT_CONVERSION = YES_AGGRESSIVE;
				CLANG_CXX_LANGUAGE_STANDARD = "gnu++20";
				CLANG_ENABLE_MODULES = YES;
				CLANG_ENABLE_OBJC_ARC = YES;
				CLANG_ENABLE_OBJC_WEAK = YES;
				CLANG_WARN_BLOCK_CAPTURE_AUTORELEASING = YES;
				CLANG_WARN_BOOL_CONVERSION = YES;
				CLANG_WARN_COMMA = YES;
				CLANG_WARN_CONSTANT_CONVERSION = YES;
				CLANG_WARN_DEPRECATED_OBJC_IMPLEMENTATIONS = YES;
				CLANG_WARN_DIRECT_OBJC_ISA_USAGE = YES_ERROR;
				CLANG_WARN_DOCUMENTATION_COMMENTS = YES;
				CLANG_WARN_EMPTY_BODY = YES;
				CLANG_WARN_ENUM_CONVERSION = YES;
				CLANG_WARN_INFINITE_RECURSION = YES;
				CLANG_WARN_INT_CONVERSION = YES;
				CLANG_WARN_NON_LITERAL_NULL_CONVERSION = YES;
				CLANG_WARN_OBJC_IMPLICIT_RETAIN_SELF = YES;
				CLANG_WARN_OBJC_LITERAL_CONVERSION = YES;
				CLANG_WARN_OBJC_ROOT_CLASS = YES_ERROR;
				CLANG_WARN_QUOTED_INCLUDE_IN_FRAMEWORK_HEADER = YES;
				CLANG_WARN_RANGE_LOOP_ANALYSIS = YES;
				CLANG_WARN_STRICT_PROTOTYPES = YES;
				CLANG_WARN_SUSPICIOUS_MOVE = YES;
				CLANG_WARN_UNGUARDED_AVAILABILITY = YES_AGGRESSIVE;
				CLANG_WARN_UNREACHABLE_CODE = YES;
				CLANG_WARN__DUPLICATE_METHOD_MATCH = YES;
				COPY_PHASE_STRIP = NO;
				DEBUG_INFORMATION_FORMAT = dwarf;
				ENABLE_STRICT_OBJC_MSGSEND = YES;
				ENABLE_TESTABILITY = YES;
				ENABLE_USER_SCRIPT_SANDBOXING = YES;
				GCC_C_LANGUAGE_STANDARD = gnu17;
				GCC_DYNAMIC_NO_PIC = NO;
				GCC_NO_COMMON_BLOCKS = YES;
				GCC_OPTIMIZATION_LEVEL = 0;
				GCC_PREPROCESSOR_DEFINITIONS = (
					"DEBUG=1",
					"$(inherited)",
				);
				GCC_WARN_64_TO_32_BIT_CONVERSION = YES;
				GCC_WARN_ABOUT_RETURN_TYPE = YES_ERROR;
				GCC_WARN_UNDECLARED_SELECTOR = YES;
				GCC_WARN_UNINITIALIZED_AUTOS = YES_AGGRESSIVE;
				GCC_WARN_UNUSED_FUNCTION = YES;
				GCC_WARN_UNUSED_VARIABLE = YES;
				IPHONEOS_DEPLOYMENT_TARGET = 17.5;
				LOCALIZATION_PREFERS_STRING_CATALOGS = YES;
				MTL_ENABLE_DEBUG_INFO = INCLUDE_SOURCE;
				MTL_FAST_MATH = YES;
				ONLY_ACTIVE_ARCH = YES;
				SDKROOT = iphoneos;
				SWIFT_ACTIVE_COMPILATION_CONDITIONS = "DEBUG $(inherited)";
				SWIFT_OPTIMIZATION_LEVEL = "-Onone";
			};
			name = Debug;
		};
		06ABEC892C1C2B9A00EE5BB8 /* Release */ = {
			isa = XCBuildConfiguration;
			buildSettings = {
				ALWAYS_SEARCH_USER_PATHS = NO;
				ASSETCATALOG_COMPILER_GENERATE_SWIFT_ASSET_SYMBOL_EXTENSIONS = YES;
				CLANG_ANALYZER_NONNULL = YES;
				CLANG_ANALYZER_NUMBER_OBJECT_CONVERSION = YES_AGGRESSIVE;
				CLANG_CXX_LANGUAGE_STANDARD = "gnu++20";
				CLANG_ENABLE_MODULES = YES;
				CLANG_ENABLE_OBJC_ARC = YES;
				CLANG_ENABLE_OBJC_WEAK = YES;
				CLANG_WARN_BLOCK_CAPTURE_AUTORELEASING = YES;
				CLANG_WARN_BOOL_CONVERSION = YES;
				CLANG_WARN_COMMA = YES;
				CLANG_WARN_CONSTANT_CONVERSION = YES;
				CLANG_WARN_DEPRECATED_OBJC_IMPLEMENTATIONS = YES;
				CLANG_WARN_DIRECT_OBJC_ISA_USAGE = YES_ERROR;
				CLANG_WARN_DOCUMENTATION_COMMENTS = YES;
				CLANG_WARN_EMPTY_BODY = YES;
				CLANG_WARN_ENUM_CONVERSION = YES;
				CLANG_WARN_INFINITE_RECURSION = YES;
				CLANG_WARN_INT_CONVERSION = YES;
				CLANG_WARN_NON_LITERAL_NULL_CONVERSION = YES;
				CLANG_WARN_OBJC_IMPLICIT_RETAIN_SELF = YES;
				CLANG_WARN_OBJC_LITERAL_CONVERSION = YES;
				CLANG_WARN_OBJC_ROOT_CLASS = YES_ERROR;
				CLANG_WARN_QUOTED_INCLUDE_IN_FRAMEWORK_HEADER = YES;
				CLANG_WARN_RANGE_LOOP_ANALYSIS = YES;
				CLANG_WARN_STRICT_PROTOTYPES = YES;
				CLANG_WARN_SUSPICIOUS_MOVE = YES;
				CLANG_WARN_UNGUARDED_AVAILABILITY = YES_AGGRESSIVE;
				CLANG_WARN_UNREACHABLE_CODE = YES;
				CLANG_WARN__DUPLICATE_METHOD_MATCH = YES;
				COPY_PHASE_STRIP = NO;
				DEBUG_INFORMATION_FORMAT = "dwarf-with-dsym";
				ENABLE_NS_ASSERTIONS = NO;
				ENABLE_STRICT_OBJC_MSGSEND = YES;
				ENABLE_USER_SCRIPT_SANDBOXING = YES;
				GCC_C_LANGUAGE_STANDARD = gnu17;
				GCC_NO_COMMON_BLOCKS = YES;
				GCC_WARN_64_TO_32_BIT_CONVERSION = YES;
				GCC_WARN_ABOUT_RETURN_TYPE = YES_ERROR;
				GCC_WARN_UNDECLARED_SELECTOR = YES;
				GCC_WARN_UNINITIALIZED_AUTOS = YES_AGGRESSIVE;
				GCC_WARN_UNUSED_FUNCTION = YES;
				GCC_WARN_UNUSED_VARIABLE = YES;
				IPHONEOS_DEPLOYMENT_TARGET = 17.5;
				LOCALIZATION_PREFERS_STRING_CATALOGS = YES;
				MTL_ENABLE_DEBUG_INFO = NO;
				MTL_FAST_MATH = YES;
				SDKROOT = iphoneos;
				SWIFT_COMPILATION_MODE = wholemodule;
				VALIDATE_PRODUCT = YES;
			};
			name = Release;
		};
		06ABEC8B2C1C2B9A00EE5BB8 /* Debug */ = {
			isa = XCBuildConfiguration;
			buildSettings = {
				ASSETCATALOG_COMPILER_APPICON_NAME = AppIcon;
				ASSETCATALOG_COMPILER_GLOBAL_ACCENT_COLOR_NAME = AccentColor;
				CODE_SIGN_STYLE = Automatic;
				CURRENT_PROJECT_VERSION = 1;
				DEVELOPMENT_ASSET_PATHS = "\"MyFirstiOSApp/Preview Content\"";
				DEVELOPMENT_TEAM = 2RBPB56LGH;
				ENABLE_PREVIEWS = YES;
				GENERATE_INFOPLIST_FILE = YES;
				INFOPLIST_KEY_UIApplicationSceneManifest_Generation = YES;
				INFOPLIST_KEY_UIApplicationSupportsIndirectInputEvents = YES;
				INFOPLIST_KEY_UILaunchScreen_Generation = YES;
				INFOPLIST_KEY_UISupportedInterfaceOrientations_iPad = "UIInterfaceOrientationPortrait UIInterfaceOrientationPortraitUpsideDown UIInterfaceOrientationLandscapeLeft UIInterfaceOrientationLandscapeRight";
				INFOPLIST_KEY_UISupportedInterfaceOrientations_iPhone = "UIInterfaceOrientationPortrait UIInterfaceOrientationLandscapeLeft UIInterfaceOrientationLandscapeRight";
				LD_RUNPATH_SEARCH_PATHS = (
					"$(inherited)",
					"@executable_path/Frameworks",
				);
				MARKETING_VERSION = 1.0;
				PRODUCT_BUNDLE_IDENTIFIER = com.hananfarizta.MyFirstiOSApp;
				PRODUCT_NAME = "$(TARGET_NAME)";
				SWIFT_EMIT_LOC_STRINGS = YES;
				SWIFT_VERSION = 5.0;
				TARGETED_DEVICE_FAMILY = "1,2";
			};
			name = Debug;
		};
		06ABEC8C2C1C2B9A00EE5BB8 /* Release */ = {
			isa = XCBuildConfiguration;
			buildSettings = {
				ASSETCATALOG_COMPILER_APPICON_NAME = AppIcon;
				ASSETCATALOG_COMPILER_GLOBAL_ACCENT_COLOR_NAME = AccentColor;
				CODE_SIGN_STYLE = Automatic;
				CURRENT_PROJECT_VERSION = 1;
				DEVELOPMENT_ASSET_PATHS = "\"MyFirstiOSApp/Preview Content\"";
				DEVELOPMENT_TEAM = 2RBPB56LGH;
				ENABLE_PREVIEWS = YES;
				GENERATE_INFOPLIST_FILE = YES;
				INFOPLIST_KEY_UIApplicationSceneManifest_Generation = YES;
				INFOPLIST_KEY_UIApplicationSupportsIndirectInputEvents = YES;
				INFOPLIST_KEY_UILaunchScreen_Generation = YES;
				INFOPLIST_KEY_UISupportedInterfaceOrientations_iPad = "UIInterfaceOrientationPortrait UIInterfaceOrientationPortraitUpsideDown UIInterfaceOrientationLandscapeLeft UIInterfaceOrientationLandscapeRight";
				INFOPLIST_KEY_UISupportedInterfaceOrientations_iPhone = "UIInterfaceOrientationPortrait UIInterfaceOrientationLandscapeLeft UIInterfaceOrientationLandscapeRight";
				LD_RUNPATH_SEARCH_PATHS = (
					"$(inherited)",
					"@executable_path/Frameworks",
				);
				MARKETING_VERSION = 1.0;
				PRODUCT_BUNDLE_IDENTIFIER = com.hananfarizta.MyFirstiOSApp;
				PRODUCT_NAME = "$(TARGET_NAME)";
				SWIFT_EMIT_LOC_STRINGS = YES;
				SWIFT_VERSION = 5.0;
				TARGETED_DEVICE_FAMILY = "1,2";
			};
			name = Release;
		};
/* End XCBuildConfiguration section */

/* Begin XCConfigurationList section */
		06ABEC772C1C2B9800EE5BB8 /* Build configuration list for PBXProject "MyFirstiOSApp" */ = {
			isa = XCConfigurationList;
			buildConfigurations = (
				06ABEC882C1C2B9A00EE5BB8 /* Debug */,
				06ABEC892C1C2B9A00EE5BB8 /* Release */,
			);
			defaultConfigurationIsVisible = 0;
			defaultConfigurationName = Release;
		};
		06ABEC8A2C1C2B9A00EE5BB8 /* Build configuration list for PBXNativeTarget "MyFirstiOSApp" */ = {
			isa = XCConfigurationList;
			buildConfigurations = (
				06ABEC8B2C1C2B9A00EE5BB8 /* Debug */,
				06ABEC8C2C1C2B9A00EE5BB8 /* Release */,
			);
			defaultConfigurationIsVisible = 0;
			defaultConfigurationName = Release;
		};
/* End XCConfigurationList section */
	};
	rootObject = 06ABEC742C1C2B9800EE5BB8 /* Project object */;
}
